// !$*UTF8*$!
{
	archiveVersion = 1;
	classes = {
	};
	objectVersion = 46;
	objects = {

/* Begin PBXBuildFile section */
		0C709D4415C0230A008F6208 /* UIKit.framework in Frameworks */ = {isa = PBXBuildFile; fileRef = 0C709D4315C0230A008F6208 /* UIKit.framework */; };
		0C709D4615C0230A008F6208 /* Foundation.framework in Frameworks */ = {isa = PBXBuildFile; fileRef = 0C709D4515C0230A008F6208 /* Foundation.framework */; };
		0C709D4815C0230A008F6208 /* CoreGraphics.framework in Frameworks */ = {isa = PBXBuildFile; fileRef = 0C709D4715C0230A008F6208 /* CoreGraphics.framework */; };
		0C709D4E15C0230A008F6208 /* InfoPlist.strings in Resources */ = {isa = PBXBuildFile; fileRef = 0C709D4C15C0230A008F6208 /* InfoPlist.strings */; };
		0C709D5015C0230A008F6208 /* main.m in Sources */ = {isa = PBXBuildFile; fileRef = 0C709D4F15C0230A008F6208 /* main.m */; };
		0C709D5415C0230A008F6208 /* RMSAppDelegate.m in Sources */ = {isa = PBXBuildFile; fileRef = 0C709D5315C0230A008F6208 /* RMSAppDelegate.m */; };
		0C709D5715C0230A008F6208 /* MainStoryboard_iPhone.storyboard in Resources */ = {isa = PBXBuildFile; fileRef = 0C709D5515C0230A008F6208 /* MainStoryboard_iPhone.storyboard */; };
		0C709D5A15C0230A008F6208 /* MainStoryboard_iPad.storyboard in Resources */ = {isa = PBXBuildFile; fileRef = 0C709D5815C0230A008F6208 /* MainStoryboard_iPad.storyboard */; };
		0C709D5D15C0230A008F6208 /* RMSViewController.m in Sources */ = {isa = PBXBuildFile; fileRef = 0C709D5C15C0230A008F6208 /* RMSViewController.m */; };
		0C709D6515C0230A008F6208 /* SenTestingKit.framework in Frameworks */ = {isa = PBXBuildFile; fileRef = 0C709D6415C0230A008F6208 /* SenTestingKit.framework */; };
		0C709D6615C0230A008F6208 /* UIKit.framework in Frameworks */ = {isa = PBXBuildFile; fileRef = 0C709D4315C0230A008F6208 /* UIKit.framework */; };
		0C709D6715C0230A008F6208 /* Foundation.framework in Frameworks */ = {isa = PBXBuildFile; fileRef = 0C709D4515C0230A008F6208 /* Foundation.framework */; };
		0C709D6F15C0230A008F6208 /* InfoPlist.strings in Resources */ = {isa = PBXBuildFile; fileRef = 0C709D6D15C0230A008F6208 /* InfoPlist.strings */; };
		0C709D7D15C027FB008F6208 /* RMSViewControllerTests.m in Sources */ = {isa = PBXBuildFile; fileRef = 0C709D7C15C027FB008F6208 /* RMSViewControllerTests.m */; };
		0C709D7E15C02875008F6208 /* RMSViewController.m in Sources */ = {isa = PBXBuildFile; fileRef = 0C709D5C15C0230A008F6208 /* RMSViewController.m */; };
		0C709DBC15C03FE7008F6208 /* sq.png in Resources */ = {isa = PBXBuildFile; fileRef = 0C709D8015C03FE7008F6208 /* sq.png */; };
		0C709DBD15C03FE7008F6208 /* sq.png in Resources */ = {isa = PBXBuildFile; fileRef = 0C709D8015C03FE7008F6208 /* sq.png */; };
		0C709DBE15C03FE7008F6208 /* sk.png in Resources */ = {isa = PBXBuildFile; fileRef = 0C709D8115C03FE7008F6208 /* sk.png */; };
		0C709DBF15C03FE7008F6208 /* sk.png in Resources */ = {isa = PBXBuildFile; fileRef = 0C709D8115C03FE7008F6208 /* sk.png */; };
		0C709DC015C03FE7008F6208 /* sj.png in Resources */ = {isa = PBXBuildFile; fileRef = 0C709D8215C03FE7008F6208 /* sj.png */; };
		0C709DC115C03FE7008F6208 /* sj.png in Resources */ = {isa = PBXBuildFile; fileRef = 0C709D8215C03FE7008F6208 /* sj.png */; };
		0C709DC215C03FE7008F6208 /* SA.png in Resources */ = {isa = PBXBuildFile; fileRef = 0C709D8315C03FE7008F6208 /* SA.png */; };
		0C709DC315C03FE7008F6208 /* SA.png in Resources */ = {isa = PBXBuildFile; fileRef = 0C709D8315C03FE7008F6208 /* SA.png */; };
		0C709DC415C03FE7008F6208 /* s10.png in Resources */ = {isa = PBXBuildFile; fileRef = 0C709D8415C03FE7008F6208 /* s10.png */; };
		0C709DC515C03FE7008F6208 /* s10.png in Resources */ = {isa = PBXBuildFile; fileRef = 0C709D8415C03FE7008F6208 /* s10.png */; };
		0C709DC615C03FE7008F6208 /* s9.png in Resources */ = {isa = PBXBuildFile; fileRef = 0C709D8515C03FE7008F6208 /* s9.png */; };
		0C709DC715C03FE7008F6208 /* s9.png in Resources */ = {isa = PBXBuildFile; fileRef = 0C709D8515C03FE7008F6208 /* s9.png */; };
		0C709DC815C03FE7008F6208 /* s8.png in Resources */ = {isa = PBXBuildFile; fileRef = 0C709D8615C03FE7008F6208 /* s8.png */; };
		0C709DC915C03FE7008F6208 /* s8.png in Resources */ = {isa = PBXBuildFile; fileRef = 0C709D8615C03FE7008F6208 /* s8.png */; };
		0C709DCA15C03FE7008F6208 /* s7.png in Resources */ = {isa = PBXBuildFile; fileRef = 0C709D8715C03FE7008F6208 /* s7.png */; };
		0C709DCB15C03FE7008F6208 /* s7.png in Resources */ = {isa = PBXBuildFile; fileRef = 0C709D8715C03FE7008F6208 /* s7.png */; };
		0C709DCC15C03FE7008F6208 /* s6.png in Resources */ = {isa = PBXBuildFile; fileRef = 0C709D8815C03FE7008F6208 /* s6.png */; };
		0C709DCD15C03FE7008F6208 /* s6.png in Resources */ = {isa = PBXBuildFile; fileRef = 0C709D8815C03FE7008F6208 /* s6.png */; };
		0C709DCE15C03FE7008F6208 /* s5.png in Resources */ = {isa = PBXBuildFile; fileRef = 0C709D8915C03FE7008F6208 /* s5.png */; };
		0C709DCF15C03FE7008F6208 /* s5.png in Resources */ = {isa = PBXBuildFile; fileRef = 0C709D8915C03FE7008F6208 /* s5.png */; };
		0C709DD015C03FE7008F6208 /* s4.png in Resources */ = {isa = PBXBuildFile; fileRef = 0C709D8A15C03FE7008F6208 /* s4.png */; };
		0C709DD115C03FE7008F6208 /* s4.png in Resources */ = {isa = PBXBuildFile; fileRef = 0C709D8A15C03FE7008F6208 /* s4.png */; };
		0C709DD215C03FE7008F6208 /* s3.png in Resources */ = {isa = PBXBuildFile; fileRef = 0C709D8B15C03FE7008F6208 /* s3.png */; };
		0C709DD315C03FE7008F6208 /* s3.png in Resources */ = {isa = PBXBuildFile; fileRef = 0C709D8B15C03FE7008F6208 /* s3.png */; };
		0C709DD415C03FE7008F6208 /* s2.png in Resources */ = {isa = PBXBuildFile; fileRef = 0C709D8C15C03FE7008F6208 /* s2.png */; };
		0C709DD515C03FE7008F6208 /* s2.png in Resources */ = {isa = PBXBuildFile; fileRef = 0C709D8C15C03FE7008F6208 /* s2.png */; };
		0C709DD615C03FE7008F6208 /* s1.png in Resources */ = {isa = PBXBuildFile; fileRef = 0C709D8D15C03FE7008F6208 /* s1.png */; };
		0C709DD715C03FE7008F6208 /* s1.png in Resources */ = {isa = PBXBuildFile; fileRef = 0C709D8D15C03FE7008F6208 /* s1.png */; };
		0C709DD815C03FE7008F6208 /* jr.png in Resources */ = {isa = PBXBuildFile; fileRef = 0C709D8E15C03FE7008F6208 /* jr.png */; };
		0C709DD915C03FE7008F6208 /* jr.png in Resources */ = {isa = PBXBuildFile; fileRef = 0C709D8E15C03FE7008F6208 /* jr.png */; };
		0C709DDA15C03FE7008F6208 /* jb.png in Resources */ = {isa = PBXBuildFile; fileRef = 0C709D8F15C03FE7008F6208 /* jb.png */; };
		0C709DDB15C03FE7008F6208 /* jb.png in Resources */ = {isa = PBXBuildFile; fileRef = 0C709D8F15C03FE7008F6208 /* jb.png */; };
		0C709DDC15C03FE7008F6208 /* hq.png in Resources */ = {isa = PBXBuildFile; fileRef = 0C709D9015C03FE7008F6208 /* hq.png */; };
		0C709DDD15C03FE7008F6208 /* hq.png in Resources */ = {isa = PBXBuildFile; fileRef = 0C709D9015C03FE7008F6208 /* hq.png */; };
		0C709DDE15C03FE7008F6208 /* hk.png in Resources */ = {isa = PBXBuildFile; fileRef = 0C709D9115C03FE7008F6208 /* hk.png */; };
		0C709DDF15C03FE7008F6208 /* hk.png in Resources */ = {isa = PBXBuildFile; fileRef = 0C709D9115C03FE7008F6208 /* hk.png */; };
		0C709DE015C03FE7008F6208 /* hj.png in Resources */ = {isa = PBXBuildFile; fileRef = 0C709D9215C03FE7008F6208 /* hj.png */; };
		0C709DE115C03FE7008F6208 /* hj.png in Resources */ = {isa = PBXBuildFile; fileRef = 0C709D9215C03FE7008F6208 /* hj.png */; };
		0C709DE215C03FE7008F6208 /* HA.png in Resources */ = {isa = PBXBuildFile; fileRef = 0C709D9315C03FE7008F6208 /* HA.png */; };
		0C709DE315C03FE7008F6208 /* HA.png in Resources */ = {isa = PBXBuildFile; fileRef = 0C709D9315C03FE7008F6208 /* HA.png */; };
		0C709DE415C03FE7008F6208 /* h10.png in Resources */ = {isa = PBXBuildFile; fileRef = 0C709D9415C03FE7008F6208 /* h10.png */; };
		0C709DE515C03FE7008F6208 /* h10.png in Resources */ = {isa = PBXBuildFile; fileRef = 0C709D9415C03FE7008F6208 /* h10.png */; };
		0C709DE615C03FE7008F6208 /* h9.png in Resources */ = {isa = PBXBuildFile; fileRef = 0C709D9515C03FE7008F6208 /* h9.png */; };
		0C709DE715C03FE7008F6208 /* h9.png in Resources */ = {isa = PBXBuildFile; fileRef = 0C709D9515C03FE7008F6208 /* h9.png */; };
		0C709DE815C03FE7008F6208 /* h8.png in Resources */ = {isa = PBXBuildFile; fileRef = 0C709D9615C03FE7008F6208 /* h8.png */; };
		0C709DE915C03FE7008F6208 /* h8.png in Resources */ = {isa = PBXBuildFile; fileRef = 0C709D9615C03FE7008F6208 /* h8.png */; };
		0C709DEA15C03FE7008F6208 /* h7.png in Resources */ = {isa = PBXBuildFile; fileRef = 0C709D9715C03FE7008F6208 /* h7.png */; };
		0C709DEB15C03FE7008F6208 /* h7.png in Resources */ = {isa = PBXBuildFile; fileRef = 0C709D9715C03FE7008F6208 /* h7.png */; };
		0C709DEC15C03FE7008F6208 /* h6.png in Resources */ = {isa = PBXBuildFile; fileRef = 0C709D9815C03FE7008F6208 /* h6.png */; };
		0C709DED15C03FE7008F6208 /* h6.png in Resources */ = {isa = PBXBuildFile; fileRef = 0C709D9815C03FE7008F6208 /* h6.png */; };
		0C709DEE15C03FE7008F6208 /* h5.png in Resources */ = {isa = PBXBuildFile; fileRef = 0C709D9915C03FE7008F6208 /* h5.png */; };
		0C709DEF15C03FE7008F6208 /* h5.png in Resources */ = {isa = PBXBuildFile; fileRef = 0C709D9915C03FE7008F6208 /* h5.png */; };
		0C709DF015C03FE7008F6208 /* h4.png in Resources */ = {isa = PBXBuildFile; fileRef = 0C709D9A15C03FE7008F6208 /* h4.png */; };
		0C709DF115C03FE7008F6208 /* h4.png in Resources */ = {isa = PBXBuildFile; fileRef = 0C709D9A15C03FE7008F6208 /* h4.png */; };
		0C709DF215C03FE7008F6208 /* h3.png in Resources */ = {isa = PBXBuildFile; fileRef = 0C709D9B15C03FE7008F6208 /* h3.png */; };
		0C709DF315C03FE7008F6208 /* h3.png in Resources */ = {isa = PBXBuildFile; fileRef = 0C709D9B15C03FE7008F6208 /* h3.png */; };
		0C709DF415C03FE7008F6208 /* h2.png in Resources */ = {isa = PBXBuildFile; fileRef = 0C709D9C15C03FE7008F6208 /* h2.png */; };
		0C709DF515C03FE7008F6208 /* h2.png in Resources */ = {isa = PBXBuildFile; fileRef = 0C709D9C15C03FE7008F6208 /* h2.png */; };
		0C709DF615C03FE7008F6208 /* h1.png in Resources */ = {isa = PBXBuildFile; fileRef = 0C709D9D15C03FE7008F6208 /* h1.png */; };
		0C709DF715C03FE7008F6208 /* h1.png in Resources */ = {isa = PBXBuildFile; fileRef = 0C709D9D15C03FE7008F6208 /* h1.png */; };
		0C709DF815C03FE7008F6208 /* ec.png in Resources */ = {isa = PBXBuildFile; fileRef = 0C709D9E15C03FE7008F6208 /* ec.png */; };
		0C709DF915C03FE7008F6208 /* ec.png in Resources */ = {isa = PBXBuildFile; fileRef = 0C709D9E15C03FE7008F6208 /* ec.png */; };
		0C709DFA15C03FE7008F6208 /* dq.png in Resources */ = {isa = PBXBuildFile; fileRef = 0C709D9F15C03FE7008F6208 /* dq.png */; };
		0C709DFB15C03FE7008F6208 /* dq.png in Resources */ = {isa = PBXBuildFile; fileRef = 0C709D9F15C03FE7008F6208 /* dq.png */; };
		0C709DFC15C03FE7008F6208 /* dk.png in Resources */ = {isa = PBXBuildFile; fileRef = 0C709DA015C03FE7008F6208 /* dk.png */; };
		0C709DFD15C03FE7008F6208 /* dk.png in Resources */ = {isa = PBXBuildFile; fileRef = 0C709DA015C03FE7008F6208 /* dk.png */; };
		0C709DFE15C03FE7008F6208 /* dj.png in Resources */ = {isa = PBXBuildFile; fileRef = 0C709DA115C03FE7008F6208 /* dj.png */; };
		0C709DFF15C03FE7008F6208 /* dj.png in Resources */ = {isa = PBXBuildFile; fileRef = 0C709DA115C03FE7008F6208 /* dj.png */; };
		0C709E0015C03FE7008F6208 /* DA.png in Resources */ = {isa = PBXBuildFile; fileRef = 0C709DA215C03FE7008F6208 /* DA.png */; };
		0C709E0115C03FE7008F6208 /* DA.png in Resources */ = {isa = PBXBuildFile; fileRef = 0C709DA215C03FE7008F6208 /* DA.png */; };
		0C709E0215C03FE7008F6208 /* d10.png in Resources */ = {isa = PBXBuildFile; fileRef = 0C709DA315C03FE7008F6208 /* d10.png */; };
		0C709E0315C03FE7008F6208 /* d10.png in Resources */ = {isa = PBXBuildFile; fileRef = 0C709DA315C03FE7008F6208 /* d10.png */; };
		0C709E0415C03FE7008F6208 /* d9.png in Resources */ = {isa = PBXBuildFile; fileRef = 0C709DA415C03FE7008F6208 /* d9.png */; };
		0C709E0515C03FE7008F6208 /* d9.png in Resources */ = {isa = PBXBuildFile; fileRef = 0C709DA415C03FE7008F6208 /* d9.png */; };
		0C709E0615C03FE7008F6208 /* d8.png in Resources */ = {isa = PBXBuildFile; fileRef = 0C709DA515C03FE7008F6208 /* d8.png */; };
		0C709E0715C03FE7008F6208 /* d8.png in Resources */ = {isa = PBXBuildFile; fileRef = 0C709DA515C03FE7008F6208 /* d8.png */; };
		0C709E0815C03FE7008F6208 /* d7.png in Resources */ = {isa = PBXBuildFile; fileRef = 0C709DA615C03FE7008F6208 /* d7.png */; };
		0C709E0915C03FE7008F6208 /* d7.png in Resources */ = {isa = PBXBuildFile; fileRef = 0C709DA615C03FE7008F6208 /* d7.png */; };
		0C709E0A15C03FE7008F6208 /* d6.png in Resources */ = {isa = PBXBuildFile; fileRef = 0C709DA715C03FE7008F6208 /* d6.png */; };
		0C709E0B15C03FE7008F6208 /* d6.png in Resources */ = {isa = PBXBuildFile; fileRef = 0C709DA715C03FE7008F6208 /* d6.png */; };
		0C709E0C15C03FE7008F6208 /* d5.png in Resources */ = {isa = PBXBuildFile; fileRef = 0C709DA815C03FE7008F6208 /* d5.png */; };
		0C709E0D15C03FE7008F6208 /* d5.png in Resources */ = {isa = PBXBuildFile; fileRef = 0C709DA815C03FE7008F6208 /* d5.png */; };
		0C709E0E15C03FE7008F6208 /* d4.png in Resources */ = {isa = PBXBuildFile; fileRef = 0C709DA915C03FE7008F6208 /* d4.png */; };
		0C709E0F15C03FE7008F6208 /* d4.png in Resources */ = {isa = PBXBuildFile; fileRef = 0C709DA915C03FE7008F6208 /* d4.png */; };
		0C709E1015C03FE7008F6208 /* d3.png in Resources */ = {isa = PBXBuildFile; fileRef = 0C709DAA15C03FE7008F6208 /* d3.png */; };
		0C709E1115C03FE7008F6208 /* d3.png in Resources */ = {isa = PBXBuildFile; fileRef = 0C709DAA15C03FE7008F6208 /* d3.png */; };
		0C709E1215C03FE7008F6208 /* d2.png in Resources */ = {isa = PBXBuildFile; fileRef = 0C709DAB15C03FE7008F6208 /* d2.png */; };
		0C709E1315C03FE7008F6208 /* d2.png in Resources */ = {isa = PBXBuildFile; fileRef = 0C709DAB15C03FE7008F6208 /* d2.png */; };
		0C709E1415C03FE7008F6208 /* d1.png in Resources */ = {isa = PBXBuildFile; fileRef = 0C709DAC15C03FE7008F6208 /* d1.png */; };
		0C709E1515C03FE7008F6208 /* d1.png in Resources */ = {isa = PBXBuildFile; fileRef = 0C709DAC15C03FE7008F6208 /* d1.png */; };
		0C709E1615C03FE7008F6208 /* cq.png in Resources */ = {isa = PBXBuildFile; fileRef = 0C709DAD15C03FE7008F6208 /* cq.png */; };
		0C709E1715C03FE7008F6208 /* cq.png in Resources */ = {isa = PBXBuildFile; fileRef = 0C709DAD15C03FE7008F6208 /* cq.png */; };
		0C709E1815C03FE7008F6208 /* ck.png in Resources */ = {isa = PBXBuildFile; fileRef = 0C709DAE15C03FE7008F6208 /* ck.png */; };
		0C709E1915C03FE7008F6208 /* ck.png in Resources */ = {isa = PBXBuildFile; fileRef = 0C709DAE15C03FE7008F6208 /* ck.png */; };
		0C709E1A15C03FE7008F6208 /* cj.png in Resources */ = {isa = PBXBuildFile; fileRef = 0C709DAF15C03FE7008F6208 /* cj.png */; };
		0C709E1B15C03FE7008F6208 /* cj.png in Resources */ = {isa = PBXBuildFile; fileRef = 0C709DAF15C03FE7008F6208 /* cj.png */; };
		0C709E1C15C03FE7008F6208 /* CA.png in Resources */ = {isa = PBXBuildFile; fileRef = 0C709DB015C03FE7008F6208 /* CA.png */; };
		0C709E1D15C03FE7008F6208 /* CA.png in Resources */ = {isa = PBXBuildFile; fileRef = 0C709DB015C03FE7008F6208 /* CA.png */; };
		0C709E1E15C03FE7008F6208 /* c10.png in Resources */ = {isa = PBXBuildFile; fileRef = 0C709DB115C03FE7008F6208 /* c10.png */; };
		0C709E1F15C03FE7008F6208 /* c10.png in Resources */ = {isa = PBXBuildFile; fileRef = 0C709DB115C03FE7008F6208 /* c10.png */; };
		0C709E2015C03FE7008F6208 /* c9.png in Resources */ = {isa = PBXBuildFile; fileRef = 0C709DB215C03FE7008F6208 /* c9.png */; };
		0C709E2115C03FE7008F6208 /* c9.png in Resources */ = {isa = PBXBuildFile; fileRef = 0C709DB215C03FE7008F6208 /* c9.png */; };
		0C709E2215C03FE7008F6208 /* c8.png in Resources */ = {isa = PBXBuildFile; fileRef = 0C709DB315C03FE7008F6208 /* c8.png */; };
		0C709E2315C03FE7008F6208 /* c8.png in Resources */ = {isa = PBXBuildFile; fileRef = 0C709DB315C03FE7008F6208 /* c8.png */; };
		0C709E2415C03FE7008F6208 /* c7.png in Resources */ = {isa = PBXBuildFile; fileRef = 0C709DB415C03FE7008F6208 /* c7.png */; };
		0C709E2515C03FE7008F6208 /* c7.png in Resources */ = {isa = PBXBuildFile; fileRef = 0C709DB415C03FE7008F6208 /* c7.png */; };
		0C709E2615C03FE7008F6208 /* c6.png in Resources */ = {isa = PBXBuildFile; fileRef = 0C709DB515C03FE7008F6208 /* c6.png */; };
		0C709E2715C03FE7008F6208 /* c6.png in Resources */ = {isa = PBXBuildFile; fileRef = 0C709DB515C03FE7008F6208 /* c6.png */; };
		0C709E2815C03FE7008F6208 /* c5.png in Resources */ = {isa = PBXBuildFile; fileRef = 0C709DB615C03FE7008F6208 /* c5.png */; };
		0C709E2915C03FE7008F6208 /* c5.png in Resources */ = {isa = PBXBuildFile; fileRef = 0C709DB615C03FE7008F6208 /* c5.png */; };
		0C709E2A15C03FE7008F6208 /* c4.png in Resources */ = {isa = PBXBuildFile; fileRef = 0C709DB715C03FE7008F6208 /* c4.png */; };
		0C709E2B15C03FE7008F6208 /* c4.png in Resources */ = {isa = PBXBuildFile; fileRef = 0C709DB715C03FE7008F6208 /* c4.png */; };
		0C709E2C15C03FE7008F6208 /* c3.png in Resources */ = {isa = PBXBuildFile; fileRef = 0C709DB815C03FE7008F6208 /* c3.png */; };
		0C709E2D15C03FE7008F6208 /* c3.png in Resources */ = {isa = PBXBuildFile; fileRef = 0C709DB815C03FE7008F6208 /* c3.png */; };
		0C709E2E15C03FE7008F6208 /* c2.png in Resources */ = {isa = PBXBuildFile; fileRef = 0C709DB915C03FE7008F6208 /* c2.png */; };
		0C709E2F15C03FE7008F6208 /* c2.png in Resources */ = {isa = PBXBuildFile; fileRef = 0C709DB915C03FE7008F6208 /* c2.png */; };
		0C709E3015C03FE7008F6208 /* c1.png in Resources */ = {isa = PBXBuildFile; fileRef = 0C709DBA15C03FE7008F6208 /* c1.png */; };
		0C709E3115C03FE7008F6208 /* c1.png in Resources */ = {isa = PBXBuildFile; fileRef = 0C709DBA15C03FE7008F6208 /* c1.png */; };
		0C709E3215C03FE7008F6208 /* back.png in Resources */ = {isa = PBXBuildFile; fileRef = 0C709DBB15C03FE7008F6208 /* back.png */; };
		0C709E3315C03FE7008F6208 /* back.png in Resources */ = {isa = PBXBuildFile; fileRef = 0C709DBB15C03FE7008F6208 /* back.png */; };
/* End PBXBuildFile section */

/* Begin PBXContainerItemProxy section */
		0C709D6815C0230A008F6208 /* PBXContainerItemProxy */ = {
			isa = PBXContainerItemProxy;
			containerPortal = 0C709D3615C02309008F6208 /* Project object */;
			proxyType = 1;
			remoteGlobalIDString = 0C709D3E15C0230A008F6208;
			remoteInfo = GUIExplore;
		};
/* End PBXContainerItemProxy section */

/* Begin PBXFileReference section */
		0C709D3F15C0230A008F6208 /* GUIExplore.app */ = {isa = PBXFileReference; explicitFileType = wrapper.application; includeInIndex = 0; path = GUIExplore.app; sourceTree = BUILT_PRODUCTS_DIR; };
		0C709D4315C0230A008F6208 /* UIKit.framework */ = {isa = PBXFileReference; lastKnownFileType = wrapper.framework; name = UIKit.framework; path = System/Library/Frameworks/UIKit.framework; sourceTree = SDKROOT; };
		0C709D4515C0230A008F6208 /* Foundation.framework */ = {isa = PBXFileReference; lastKnownFileType = wrapper.framework; name = Foundation.framework; path = System/Library/Frameworks/Foundation.framework; sourceTree = SDKROOT; };
		0C709D4715C0230A008F6208 /* CoreGraphics.framework */ = {isa = PBXFileReference; lastKnownFileType = wrapper.framework; name = CoreGraphics.framework; path = System/Library/Frameworks/CoreGraphics.framework; sourceTree = SDKROOT; };
		0C709D4B15C0230A008F6208 /* GUIExplore-Info.plist */ = {isa = PBXFileReference; lastKnownFileType = text.plist.xml; path = "GUIExplore-Info.plist"; sourceTree = "<group>"; };
		0C709D4D15C0230A008F6208 /* en */ = {isa = PBXFileReference; lastKnownFileType = text.plist.strings; name = en; path = en.lproj/InfoPlist.strings; sourceTree = "<group>"; };
		0C709D4F15C0230A008F6208 /* main.m */ = {isa = PBXFileReference; lastKnownFileType = sourcecode.c.objc; path = main.m; sourceTree = "<group>"; };
		0C709D5115C0230A008F6208 /* GUIExplore-Prefix.pch */ = {isa = PBXFileReference; lastKnownFileType = sourcecode.c.h; path = "GUIExplore-Prefix.pch"; sourceTree = "<group>"; };
		0C709D5215C0230A008F6208 /* RMSAppDelegate.h */ = {isa = PBXFileReference; lastKnownFileType = sourcecode.c.h; path = RMSAppDelegate.h; sourceTree = "<group>"; };
		0C709D5315C0230A008F6208 /* RMSAppDelegate.m */ = {isa = PBXFileReference; lastKnownFileType = sourcecode.c.objc; path = RMSAppDelegate.m; sourceTree = "<group>"; };
		0C709D5615C0230A008F6208 /* en */ = {isa = PBXFileReference; lastKnownFileType = file.storyboard; name = en; path = en.lproj/MainStoryboard_iPhone.storyboard; sourceTree = "<group>"; };
		0C709D5915C0230A008F6208 /* en */ = {isa = PBXFileReference; lastKnownFileType = file.storyboard; name = en; path = en.lproj/MainStoryboard_iPad.storyboard; sourceTree = "<group>"; };
		0C709D5B15C0230A008F6208 /* RMSViewController.h */ = {isa = PBXFileReference; lastKnownFileType = sourcecode.c.h; path = RMSViewController.h; sourceTree = "<group>"; };
		0C709D5C15C0230A008F6208 /* RMSViewController.m */ = {isa = PBXFileReference; lastKnownFileType = sourcecode.c.objc; path = RMSViewController.m; sourceTree = "<group>"; };
		0C709D6315C0230A008F6208 /* GUIExploreTests.octest */ = {isa = PBXFileReference; explicitFileType = wrapper.cfbundle; includeInIndex = 0; path = GUIExploreTests.octest; sourceTree = BUILT_PRODUCTS_DIR; };
		0C709D6415C0230A008F6208 /* SenTestingKit.framework */ = {isa = PBXFileReference; lastKnownFileType = wrapper.framework; name = SenTestingKit.framework; path = Library/Frameworks/SenTestingKit.framework; sourceTree = DEVELOPER_DIR; };
		0C709D6C15C0230A008F6208 /* GUIExploreTests-Info.plist */ = {isa = PBXFileReference; lastKnownFileType = text.plist.xml; path = "GUIExploreTests-Info.plist"; sourceTree = "<group>"; };
		0C709D6E15C0230A008F6208 /* en */ = {isa = PBXFileReference; lastKnownFileType = text.plist.strings; name = en; path = en.lproj/InfoPlist.strings; sourceTree = "<group>"; };
		0C709D7B15C027FB008F6208 /* RMSViewControllerTests.h */ = {isa = PBXFileReference; fileEncoding = 4; lastKnownFileType = sourcecode.c.h; path = RMSViewControllerTests.h; sourceTree = "<group>"; };
		0C709D7C15C027FB008F6208 /* RMSViewControllerTests.m */ = {isa = PBXFileReference; fileEncoding = 4; lastKnownFileType = sourcecode.c.objc; path = RMSViewControllerTests.m; sourceTree = "<group>"; };
		0C709D8015C03FE7008F6208 /* sq.png */ = {isa = PBXFileReference; lastKnownFileType = image.png; path = sq.png; sourceTree = "<group>"; };
		0C709D8115C03FE7008F6208 /* sk.png */ = {isa = PBXFileReference; lastKnownFileType = image.png; path = sk.png; sourceTree = "<group>"; };
		0C709D8215C03FE7008F6208 /* sj.png */ = {isa = PBXFileReference; lastKnownFileType = image.png; path = sj.png; sourceTree = "<group>"; };
		0C709D8315C03FE7008F6208 /* SA.png */ = {isa = PBXFileReference; lastKnownFileType = image.png; path = SA.png; sourceTree = "<group>"; };
		0C709D8415C03FE7008F6208 /* s10.png */ = {isa = PBXFileReference; lastKnownFileType = image.png; path = s10.png; sourceTree = "<group>"; };
		0C709D8515C03FE7008F6208 /* s9.png */ = {isa = PBXFileReference; lastKnownFileType = image.png; path = s9.png; sourceTree = "<group>"; };
		0C709D8615C03FE7008F6208 /* s8.png */ = {isa = PBXFileReference; lastKnownFileType = image.png; path = s8.png; sourceTree = "<group>"; };
		0C709D8715C03FE7008F6208 /* s7.png */ = {isa = PBXFileReference; lastKnownFileType = image.png; path = s7.png; sourceTree = "<group>"; };
		0C709D8815C03FE7008F6208 /* s6.png */ = {isa = PBXFileReference; lastKnownFileType = image.png; path = s6.png; sourceTree = "<group>"; };
		0C709D8915C03FE7008F6208 /* s5.png */ = {isa = PBXFileReference; lastKnownFileType = image.png; path = s5.png; sourceTree = "<group>"; };
		0C709D8A15C03FE7008F6208 /* s4.png */ = {isa = PBXFileReference; lastKnownFileType = image.png; path = s4.png; sourceTree = "<group>"; };
		0C709D8B15C03FE7008F6208 /* s3.png */ = {isa = PBXFileReference; lastKnownFileType = image.png; path = s3.png; sourceTree = "<group>"; };
		0C709D8C15C03FE7008F6208 /* s2.png */ = {isa = PBXFileReference; lastKnownFileType = image.png; path = s2.png; sourceTree = "<group>"; };
		0C709D8D15C03FE7008F6208 /* s1.png */ = {isa = PBXFileReference; lastKnownFileType = image.png; path = s1.png; sourceTree = "<group>"; };
		0C709D8E15C03FE7008F6208 /* jr.png */ = {isa = PBXFileReference; lastKnownFileType = image.png; path = jr.png; sourceTree = "<group>"; };
		0C709D8F15C03FE7008F6208 /* jb.png */ = {isa = PBXFileReference; lastKnownFileType = image.png; path = jb.png; sourceTree = "<group>"; };
		0C709D9015C03FE7008F6208 /* hq.png */ = {isa = PBXFileReference; lastKnownFileType = image.png; path = hq.png; sourceTree = "<group>"; };
		0C709D9115C03FE7008F6208 /* hk.png */ = {isa = PBXFileReference; lastKnownFileType = image.png; path = hk.png; sourceTree = "<group>"; };
		0C709D9215C03FE7008F6208 /* hj.png */ = {isa = PBXFileReference; lastKnownFileType = image.png; path = hj.png; sourceTree = "<group>"; };
		0C709D9315C03FE7008F6208 /* HA.png */ = {isa = PBXFileReference; lastKnownFileType = image.png; path = HA.png; sourceTree = "<group>"; };
		0C709D9415C03FE7008F6208 /* h10.png */ = {isa = PBXFileReference; lastKnownFileType = image.png; path = h10.png; sourceTree = "<group>"; };
		0C709D9515C03FE7008F6208 /* h9.png */ = {isa = PBXFileReference; lastKnownFileType = image.png; path = h9.png; sourceTree = "<group>"; };
		0C709D9615C03FE7008F6208 /* h8.png */ = {isa = PBXFileReference; lastKnownFileType = image.png; path = h8.png; sourceTree = "<group>"; };
		0C709D9715C03FE7008F6208 /* h7.png */ = {isa = PBXFileReference; lastKnownFileType = image.png; path = h7.png; sourceTree = "<group>"; };
		0C709D9815C03FE7008F6208 /* h6.png */ = {isa = PBXFileReference; lastKnownFileType = image.png; path = h6.png; sourceTree = "<group>"; };
		0C709D9915C03FE7008F6208 /* h5.png */ = {isa = PBXFileReference; lastKnownFileType = image.png; path = h5.png; sourceTree = "<group>"; };
		0C709D9A15C03FE7008F6208 /* h4.png */ = {isa = PBXFileReference; lastKnownFileType = image.png; path = h4.png; sourceTree = "<group>"; };
		0C709D9B15C03FE7008F6208 /* h3.png */ = {isa = PBXFileReference; lastKnownFileType = image.png; path = h3.png; sourceTree = "<group>"; };
		0C709D9C15C03FE7008F6208 /* h2.png */ = {isa = PBXFileReference; lastKnownFileType = image.png; path = h2.png; sourceTree = "<group>"; };
		0C709D9D15C03FE7008F6208 /* h1.png */ = {isa = PBXFileReference; lastKnownFileType = image.png; path = h1.png; sourceTree = "<group>"; };
		0C709D9E15C03FE7008F6208 /* ec.png */ = {isa = PBXFileReference; lastKnownFileType = image.png; path = ec.png; sourceTree = "<group>"; };
		0C709D9F15C03FE7008F6208 /* dq.png */ = {isa = PBXFileReference; lastKnownFileType = image.png; path = dq.png; sourceTree = "<group>"; };
		0C709DA015C03FE7008F6208 /* dk.png */ = {isa = PBXFileReference; lastKnownFileType = image.png; path = dk.png; sourceTree = "<group>"; };
		0C709DA115C03FE7008F6208 /* dj.png */ = {isa = PBXFileReference; lastKnownFileType = image.png; path = dj.png; sourceTree = "<group>"; };
		0C709DA215C03FE7008F6208 /* DA.png */ = {isa = PBXFileReference; lastKnownFileType = image.png; path = DA.png; sourceTree = "<group>"; };
		0C709DA315C03FE7008F6208 /* d10.png */ = {isa = PBXFileReference; lastKnownFileType = image.png; path = d10.png; sourceTree = "<group>"; };
		0C709DA415C03FE7008F6208 /* d9.png */ = {isa = PBXFileReference; lastKnownFileType = image.png; path = d9.png; sourceTree = "<group>"; };
		0C709DA515C03FE7008F6208 /* d8.png */ = {isa = PBXFileReference; lastKnownFileType = image.png; path = d8.png; sourceTree = "<group>"; };
		0C709DA615C03FE7008F6208 /* d7.png */ = {isa = PBXFileReference; lastKnownFileType = image.png; path = d7.png; sourceTree = "<group>"; };
		0C709DA715C03FE7008F6208 /* d6.png */ = {isa = PBXFileReference; lastKnownFileType = image.png; path = d6.png; sourceTree = "<group>"; };
		0C709DA815C03FE7008F6208 /* d5.png */ = {isa = PBXFileReference; lastKnownFileType = image.png; path = d5.png; sourceTree = "<group>"; };
		0C709DA915C03FE7008F6208 /* d4.png */ = {isa = PBXFileReference; lastKnownFileType = image.png; path = d4.png; sourceTree = "<group>"; };
		0C709DAA15C03FE7008F6208 /* d3.png */ = {isa = PBXFileReference; lastKnownFileType = image.png; path = d3.png; sourceTree = "<group>"; };
		0C709DAB15C03FE7008F6208 /* d2.png */ = {isa = PBXFileReference; lastKnownFileType = image.png; path = d2.png; sourceTree = "<group>"; };
		0C709DAC15C03FE7008F6208 /* d1.png */ = {isa = PBXFileReference; lastKnownFileType = image.png; path = d1.png; sourceTree = "<group>"; };
		0C709DAD15C03FE7008F6208 /* cq.png */ = {isa = PBXFileReference; lastKnownFileType = image.png; path = cq.png; sourceTree = "<group>"; };
		0C709DAE15C03FE7008F6208 /* ck.png */ = {isa = PBXFileReference; lastKnownFileType = image.png; path = ck.png; sourceTree = "<group>"; };
		0C709DAF15C03FE7008F6208 /* cj.png */ = {isa = PBXFileReference; lastKnownFileType = image.png; path = cj.png; sourceTree = "<group>"; };
		0C709DB015C03FE7008F6208 /* CA.png */ = {isa = PBXFileReference; lastKnownFileType = image.png; path = CA.png; sourceTree = "<group>"; };
		0C709DB115C03FE7008F6208 /* c10.png */ = {isa = PBXFileReference; lastKnownFileType = image.png; path = c10.png; sourceTree = "<group>"; };
		0C709DB215C03FE7008F6208 /* c9.png */ = {isa = PBXFileReference; lastKnownFileType = image.png; path = c9.png; sourceTree = "<group>"; };
		0C709DB315C03FE7008F6208 /* c8.png */ = {isa = PBXFileReference; lastKnownFileType = image.png; path = c8.png; sourceTree = "<group>"; };
		0C709DB415C03FE7008F6208 /* c7.png */ = {isa = PBXFileReference; lastKnownFileType = image.png; path = c7.png; sourceTree = "<group>"; };
		0C709DB515C03FE7008F6208 /* c6.png */ = {isa = PBXFileReference; lastKnownFileType = image.png; path = c6.png; sourceTree = "<group>"; };
		0C709DB615C03FE7008F6208 /* c5.png */ = {isa = PBXFileReference; lastKnownFileType = image.png; path = c5.png; sourceTree = "<group>"; };
		0C709DB715C03FE7008F6208 /* c4.png */ = {isa = PBXFileReference; lastKnownFileType = image.png; path = c4.png; sourceTree = "<group>"; };
		0C709DB815C03FE7008F6208 /* c3.png */ = {isa = PBXFileReference; lastKnownFileType = image.png; path = c3.png; sourceTree = "<group>"; };
		0C709DB915C03FE7008F6208 /* c2.png */ = {isa = PBXFileReference; lastKnownFileType = image.png; path = c2.png; sourceTree = "<group>"; };
		0C709DBA15C03FE7008F6208 /* c1.png */ = {isa = PBXFileReference; lastKnownFileType = image.png; path = c1.png; sourceTree = "<group>"; };
		0C709DBB15C03FE7008F6208 /* back.png */ = {isa = PBXFileReference; lastKnownFileType = image.png; path = back.png; sourceTree = "<group>"; };
/* End PBXFileReference section */

/* Begin PBXFrameworksBuildPhase section */
		0C709D3C15C0230A008F6208 /* Frameworks */ = {
			isa = PBXFrameworksBuildPhase;
			buildActionMask = 2147483647;
			files = (
				0C709D4415C0230A008F6208 /* UIKit.framework in Frameworks */,
				0C709D4615C0230A008F6208 /* Foundation.framework in Frameworks */,
				0C709D4815C0230A008F6208 /* CoreGraphics.framework in Frameworks */,
			);
			runOnlyForDeploymentPostprocessing = 0;
		};
		0C709D5F15C0230A008F6208 /* Frameworks */ = {
			isa = PBXFrameworksBuildPhase;
			buildActionMask = 2147483647;
			files = (
				0C709D6515C0230A008F6208 /* SenTestingKit.framework in Frameworks */,
				0C709D6615C0230A008F6208 /* UIKit.framework in Frameworks */,
				0C709D6715C0230A008F6208 /* Foundation.framework in Frameworks */,
			);
			runOnlyForDeploymentPostprocessing = 0;
		};
/* End PBXFrameworksBuildPhase section */

/* Begin PBXGroup section */
		0C709D3415C02309008F6208 = {
			isa = PBXGroup;
			children = (
				0C709D4915C0230A008F6208 /* GUIExplore */,
				0C709D6A15C0230A008F6208 /* GUIExploreTests */,
				0C709D4215C0230A008F6208 /* Frameworks */,
				0C709D4015C0230A008F6208 /* Products */,
			);
			sourceTree = "<group>";
		};
		0C709D4015C0230A008F6208 /* Products */ = {
			isa = PBXGroup;
			children = (
				0C709D3F15C0230A008F6208 /* GUIExplore.app */,
				0C709D6315C0230A008F6208 /* GUIExploreTests.octest */,
			);
			name = Products;
			sourceTree = "<group>";
		};
		0C709D4215C0230A008F6208 /* Frameworks */ = {
			isa = PBXGroup;
			children = (
				0C709D4315C0230A008F6208 /* UIKit.framework */,
				0C709D4515C0230A008F6208 /* Foundation.framework */,
				0C709D4715C0230A008F6208 /* CoreGraphics.framework */,
				0C709D6415C0230A008F6208 /* SenTestingKit.framework */,
			);
			name = Frameworks;
			sourceTree = "<group>";
		};
		0C709D4915C0230A008F6208 /* GUIExplore */ = {
			isa = PBXGroup;
			children = (
				0C709D5215C0230A008F6208 /* RMSAppDelegate.h */,
				0C709D5315C0230A008F6208 /* RMSAppDelegate.m */,
				0C709D5515C0230A008F6208 /* MainStoryboard_iPhone.storyboard */,
				0C709D5815C0230A008F6208 /* MainStoryboard_iPad.storyboard */,
				0C709D5B15C0230A008F6208 /* RMSViewController.h */,
				0C709D5C15C0230A008F6208 /* RMSViewController.m */,
				0C709D4A15C0230A008F6208 /* Supporting Files */,
			);
			path = GUIExplore;
			sourceTree = "<group>";
		};
		0C709D4A15C0230A008F6208 /* Supporting Files */ = {
			isa = PBXGroup;
			children = (
				0C709D7F15C03FA1008F6208 /* cardImages */,
				0C709D4B15C0230A008F6208 /* GUIExplore-Info.plist */,
				0C709D4C15C0230A008F6208 /* InfoPlist.strings */,
				0C709D4F15C0230A008F6208 /* main.m */,
				0C709D5115C0230A008F6208 /* GUIExplore-Prefix.pch */,
			);
			name = "Supporting Files";
			sourceTree = "<group>";
		};
		0C709D6A15C0230A008F6208 /* GUIExploreTests */ = {
			isa = PBXGroup;
			children = (
				0C709D6B15C0230A008F6208 /* Supporting Files */,
				0C709D7B15C027FB008F6208 /* RMSViewControllerTests.h */,
				0C709D7C15C027FB008F6208 /* RMSViewControllerTests.m */,
			);
			path = GUIExploreTests;
			sourceTree = "<group>";
		};
		0C709D6B15C0230A008F6208 /* Supporting Files */ = {
			isa = PBXGroup;
			children = (
				0C709D6C15C0230A008F6208 /* GUIExploreTests-Info.plist */,
				0C709D6D15C0230A008F6208 /* InfoPlist.strings */,
			);
			name = "Supporting Files";
			sourceTree = "<group>";
		};
		0C709D7F15C03FA1008F6208 /* cardImages */ = {
			isa = PBXGroup;
			children = (
				0C709D8015C03FE7008F6208 /* sq.png */,
				0C709D8115C03FE7008F6208 /* sk.png */,
				0C709D8215C03FE7008F6208 /* sj.png */,
				0C709D8315C03FE7008F6208 /* SA.png */,
				0C709D8415C03FE7008F6208 /* s10.png */,
				0C709D8515C03FE7008F6208 /* s9.png */,
				0C709D8615C03FE7008F6208 /* s8.png */,
				0C709D8715C03FE7008F6208 /* s7.png */,
				0C709D8815C03FE7008F6208 /* s6.png */,
				0C709D8915C03FE7008F6208 /* s5.png */,
				0C709D8A15C03FE7008F6208 /* s4.png */,
				0C709D8B15C03FE7008F6208 /* s3.png */,
				0C709D8C15C03FE7008F6208 /* s2.png */,
				0C709D8D15C03FE7008F6208 /* s1.png */,
				0C709D8E15C03FE7008F6208 /* jr.png */,
				0C709D8F15C03FE7008F6208 /* jb.png */,
				0C709D9015C03FE7008F6208 /* hq.png */,
				0C709D9115C03FE7008F6208 /* hk.png */,
				0C709D9215C03FE7008F6208 /* hj.png */,
				0C709D9315C03FE7008F6208 /* HA.png */,
				0C709D9415C03FE7008F6208 /* h10.png */,
				0C709D9515C03FE7008F6208 /* h9.png */,
				0C709D9615C03FE7008F6208 /* h8.png */,
				0C709D9715C03FE7008F6208 /* h7.png */,
				0C709D9815C03FE7008F6208 /* h6.png */,
				0C709D9915C03FE7008F6208 /* h5.png */,
				0C709D9A15C03FE7008F6208 /* h4.png */,
				0C709D9B15C03FE7008F6208 /* h3.png */,
				0C709D9C15C03FE7008F6208 /* h2.png */,
				0C709D9D15C03FE7008F6208 /* h1.png */,
				0C709D9E15C03FE7008F6208 /* ec.png */,
				0C709D9F15C03FE7008F6208 /* dq.png */,
				0C709DA015C03FE7008F6208 /* dk.png */,
				0C709DA115C03FE7008F6208 /* dj.png */,
				0C709DA215C03FE7008F6208 /* DA.png */,
				0C709DA315C03FE7008F6208 /* d10.png */,
				0C709DA415C03FE7008F6208 /* d9.png */,
				0C709DA515C03FE7008F6208 /* d8.png */,
				0C709DA615C03FE7008F6208 /* d7.png */,
				0C709DA715C03FE7008F6208 /* d6.png */,
				0C709DA815C03FE7008F6208 /* d5.png */,
				0C709DA915C03FE7008F6208 /* d4.png */,
				0C709DAA15C03FE7008F6208 /* d3.png */,
				0C709DAB15C03FE7008F6208 /* d2.png */,
				0C709DAC15C03FE7008F6208 /* d1.png */,
				0C709DAD15C03FE7008F6208 /* cq.png */,
				0C709DAE15C03FE7008F6208 /* ck.png */,
				0C709DAF15C03FE7008F6208 /* cj.png */,
				0C709DB015C03FE7008F6208 /* CA.png */,
				0C709DB115C03FE7008F6208 /* c10.png */,
				0C709DB215C03FE7008F6208 /* c9.png */,
				0C709DB315C03FE7008F6208 /* c8.png */,
				0C709DB415C03FE7008F6208 /* c7.png */,
				0C709DB515C03FE7008F6208 /* c6.png */,
				0C709DB615C03FE7008F6208 /* c5.png */,
				0C709DB715C03FE7008F6208 /* c4.png */,
				0C709DB815C03FE7008F6208 /* c3.png */,
				0C709DB915C03FE7008F6208 /* c2.png */,
				0C709DBA15C03FE7008F6208 /* c1.png */,
				0C709DBB15C03FE7008F6208 /* back.png */,
			);
			name = cardImages;
			sourceTree = "<group>";
		};
/* End PBXGroup section */

/* Begin PBXNativeTarget section */
		0C709D3E15C0230A008F6208 /* GUIExplore */ = {
			isa = PBXNativeTarget;
			buildConfigurationList = 0C709D7515C0230A008F6208 /* Build configuration list for PBXNativeTarget "GUIExplore" */;
			buildPhases = (
				0C709D3B15C0230A008F6208 /* Sources */,
				0C709D3C15C0230A008F6208 /* Frameworks */,
				0C709D3D15C0230A008F6208 /* Resources */,
			);
			buildRules = (
			);
			dependencies = (
			);
			name = GUIExplore;
			productName = GUIExplore;
			productReference = 0C709D3F15C0230A008F6208 /* GUIExplore.app */;
			productType = "com.apple.product-type.application";
		};
		0C709D6215C0230A008F6208 /* GUIExploreTests */ = {
			isa = PBXNativeTarget;
			buildConfigurationList = 0C709D7815C0230A008F6208 /* Build configuration list for PBXNativeTarget "GUIExploreTests" */;
			buildPhases = (
				0C709D5E15C0230A008F6208 /* Sources */,
				0C709D5F15C0230A008F6208 /* Frameworks */,
				0C709D6015C0230A008F6208 /* Resources */,
				0C709D6115C0230A008F6208 /* ShellScript */,
			);
			buildRules = (
			);
			dependencies = (
				0C709D6915C0230A008F6208 /* PBXTargetDependency */,
			);
			name = GUIExploreTests;
			productName = GUIExploreTests;
			productReference = 0C709D6315C0230A008F6208 /* GUIExploreTests.octest */;
			productType = "com.apple.product-type.bundle";
		};
/* End PBXNativeTarget section */

/* Begin PBXProject section */
		0C709D3615C02309008F6208 /* Project object */ = {
			isa = PBXProject;
			attributes = {
				LastUpgradeCheck = 0420;
			};
			buildConfigurationList = 0C709D3915C02309008F6208 /* Build configuration list for PBXProject "GUIExplore" */;
			compatibilityVersion = "Xcode 3.2";
			developmentRegion = English;
			hasScannedForEncodings = 0;
			knownRegions = (
				en,
			);
			mainGroup = 0C709D3415C02309008F6208;
			productRefGroup = 0C709D4015C0230A008F6208 /* Products */;
			projectDirPath = "";
			projectRoot = "";
			targets = (
				0C709D3E15C0230A008F6208 /* GUIExplore */,
				0C709D6215C0230A008F6208 /* GUIExploreTests */,
			);
		};
/* End PBXProject section */

/* Begin PBXResourcesBuildPhase section */
		0C709D3D15C0230A008F6208 /* Resources */ = {
			isa = PBXResourcesBuildPhase;
			buildActionMask = 2147483647;
			files = (
				0C709D4E15C0230A008F6208 /* InfoPlist.strings in Resources */,
				0C709D5715C0230A008F6208 /* MainStoryboard_iPhone.storyboard in Resources */,
				0C709D5A15C0230A008F6208 /* MainStoryboard_iPad.storyboard in Resources */,
				0C709DBC15C03FE7008F6208 /* sq.png in Resources */,
				0C709DBE15C03FE7008F6208 /* sk.png in Resources */,
				0C709DC015C03FE7008F6208 /* sj.png in Resources */,
				0C709DC215C03FE7008F6208 /* SA.png in Resources */,
				0C709DC415C03FE7008F6208 /* s10.png in Resources */,
				0C709DC615C03FE7008F6208 /* s9.png in Resources */,
				0C709DC815C03FE7008F6208 /* s8.png in Resources */,
				0C709DCA15C03FE7008F6208 /* s7.png in Resources */,
				0C709DCC15C03FE7008F6208 /* s6.png in Resources */,
				0C709DCE15C03FE7008F6208 /* s5.png in Resources */,
				0C709DD015C03FE7008F6208 /* s4.png in Resources */,
				0C709DD215C03FE7008F6208 /* s3.png in Resources */,
				0C709DD415C03FE7008F6208 /* s2.png in Resources */,
				0C709DD615C03FE7008F6208 /* s1.png in Resources */,
				0C709DD815C03FE7008F6208 /* jr.png in Resources */,
				0C709DDA15C03FE7008F6208 /* jb.png in Resources */,
				0C709DDC15C03FE7008F6208 /* hq.png in Resources */,
				0C709DDE15C03FE7008F6208 /* hk.png in Resources */,
				0C709DE015C03FE7008F6208 /* hj.png in Resources */,
				0C709DE215C03FE7008F6208 /* HA.png in Resources */,
				0C709DE415C03FE7008F6208 /* h10.png in Resources */,
				0C709DE615C03FE7008F6208 /* h9.png in Resources */,
				0C709DE815C03FE7008F6208 /* h8.png in Resources */,
				0C709DEA15C03FE7008F6208 /* h7.png in Resources */,
				0C709DEC15C03FE7008F6208 /* h6.png in Resources */,
				0C709DEE15C03FE7008F6208 /* h5.png in Resources */,
				0C709DF015C03FE7008F6208 /* h4.png in Resources */,
				0C709DF215C03FE7008F6208 /* h3.png in Resources */,
				0C709DF415C03FE7008F6208 /* h2.png in Resources */,
				0C709DF615C03FE7008F6208 /* h1.png in Resources */,
				0C709DF815C03FE7008F6208 /* ec.png in Resources */,
				0C709DFA15C03FE7008F6208 /* dq.png in Resources */,
				0C709DFC15C03FE7008F6208 /* dk.png in Resources */,
				0C709DFE15C03FE7008F6208 /* dj.png in Resources */,
				0C709E0015C03FE7008F6208 /* DA.png in Resources */,
				0C709E0215C03FE7008F6208 /* d10.png in Resources */,
				0C709E0415C03FE7008F6208 /* d9.png in Resources */,
				0C709E0615C03FE7008F6208 /* d8.png in Resources */,
				0C709E0815C03FE7008F6208 /* d7.png in Resources */,
				0C709E0A15C03FE7008F6208 /* d6.png in Resources */,
				0C709E0C15C03FE7008F6208 /* d5.png in Resources */,
				0C709E0E15C03FE7008F6208 /* d4.png in Resources */,
				0C709E1015C03FE7008F6208 /* d3.png in Resources */,
				0C709E1215C03FE7008F6208 /* d2.png in Resources */,
				0C709E1415C03FE7008F6208 /* d1.png in Resources */,
				0C709E1615C03FE7008F6208 /* cq.png in Resources */,
				0C709E1815C03FE7008F6208 /* ck.png in Resources */,
				0C709E1A15C03FE7008F6208 /* cj.png in Resources */,
				0C709E1C15C03FE7008F6208 /* CA.png in Resources */,
				0C709E1E15C03FE7008F6208 /* c10.png in Resources */,
				0C709E2015C03FE7008F6208 /* c9.png in Resources */,
				0C709E2215C03FE7008F6208 /* c8.png in Resources */,
				0C709E2415C03FE7008F6208 /* c7.png in Resources */,
				0C709E2615C03FE7008F6208 /* c6.png in Resources */,
				0C709E2815C03FE7008F6208 /* c5.png in Resources */,
				0C709E2A15C03FE7008F6208 /* c4.png in Resources */,
				0C709E2C15C03FE7008F6208 /* c3.png in Resources */,
				0C709E2E15C03FE7008F6208 /* c2.png in Resources */,
				0C709E3015C03FE7008F6208 /* c1.png in Resources */,
				0C709E3215C03FE7008F6208 /* back.png in Resources */,
			);
			runOnlyForDeploymentPostprocessing = 0;
		};
		0C709D6015C0230A008F6208 /* Resources */ = {
			isa = PBXResourcesBuildPhase;
			buildActionMask = 2147483647;
			files = (
				0C709D6F15C0230A008F6208 /* InfoPlist.strings in Resources */,
				0C709DBD15C03FE7008F6208 /* sq.png in Resources */,
				0C709DBF15C03FE7008F6208 /* sk.png in Resources */,
				0C709DC115C03FE7008F6208 /* sj.png in Resources */,
				0C709DC315C03FE7008F6208 /* SA.png in Resources */,
				0C709DC515C03FE7008F6208 /* s10.png in Resources */,
				0C709DC715C03FE7008F6208 /* s9.png in Resources */,
				0C709DC915C03FE7008F6208 /* s8.png in Resources */,
				0C709DCB15C03FE7008F6208 /* s7.png in Resources */,
				0C709DCD15C03FE7008F6208 /* s6.png in Resources */,
				0C709DCF15C03FE7008F6208 /* s5.png in Resources */,
				0C709DD115C03FE7008F6208 /* s4.png in Resources */,
				0C709DD315C03FE7008F6208 /* s3.png in Resources */,
				0C709DD515C03FE7008F6208 /* s2.png in Resources */,
				0C709DD715C03FE7008F6208 /* s1.png in Resources */,
				0C709DD915C03FE7008F6208 /* jr.png in Resources */,
				0C709DDB15C03FE7008F6208 /* jb.png in Resources */,
				0C709DDD15C03FE7008F6208 /* hq.png in Resources */,
				0C709DDF15C03FE7008F6208 /* hk.png in Resources */,
				0C709DE115C03FE7008F6208 /* hj.png in Resources */,
				0C709DE315C03FE7008F6208 /* HA.png in Resources */,
				0C709DE515C03FE7008F6208 /* h10.png in Resources */,
				0C709DE715C03FE7008F6208 /* h9.png in Resources */,
				0C709DE915C03FE7008F6208 /* h8.png in Resources */,
				0C709DEB15C03FE7008F6208 /* h7.png in Resources */,
				0C709DED15C03FE7008F6208 /* h6.png in Resources */,
				0C709DEF15C03FE7008F6208 /* h5.png in Resources */,
				0C709DF115C03FE7008F6208 /* h4.png in Resources */,
				0C709DF315C03FE7008F6208 /* h3.png in Resources */,
				0C709DF515C03FE7008F6208 /* h2.png in Resources */,
				0C709DF715C03FE7008F6208 /* h1.png in Resources */,
				0C709DF915C03FE7008F6208 /* ec.png in Resources */,
				0C709DFB15C03FE7008F6208 /* dq.png in Resources */,
				0C709DFD15C03FE7008F6208 /* dk.png in Resources */,
				0C709DFF15C03FE7008F6208 /* dj.png in Resources */,
				0C709E0115C03FE7008F6208 /* DA.png in Resources */,
				0C709E0315C03FE7008F6208 /* d10.png in Resources */,
				0C709E0515C03FE7008F6208 /* d9.png in Resources */,
				0C709E0715C03FE7008F6208 /* d8.png in Resources */,
				0C709E0915C03FE7008F6208 /* d7.png in Resources */,
				0C709E0B15C03FE7008F6208 /* d6.png in Resources */,
				0C709E0D15C03FE7008F6208 /* d5.png in Resources */,
				0C709E0F15C03FE7008F6208 /* d4.png in Resources */,
				0C709E1115C03FE7008F6208 /* d3.png in Resources */,
				0C709E1315C03FE7008F6208 /* d2.png in Resources */,
				0C709E1515C03FE7008F6208 /* d1.png in Resources */,
				0C709E1715C03FE7008F6208 /* cq.png in Resources */,
				0C709E1915C03FE7008F6208 /* ck.png in Resources */,
				0C709E1B15C03FE7008F6208 /* cj.png in Resources */,
				0C709E1D15C03FE7008F6208 /* CA.png in Resources */,
				0C709E1F15C03FE7008F6208 /* c10.png in Resources */,
				0C709E2115C03FE7008F6208 /* c9.png in Resources */,
				0C709E2315C03FE7008F6208 /* c8.png in Resources */,
				0C709E2515C03FE7008F6208 /* c7.png in Resources */,
				0C709E2715C03FE7008F6208 /* c6.png in Resources */,
				0C709E2915C03FE7008F6208 /* c5.png in Resources */,
				0C709E2B15C03FE7008F6208 /* c4.png in Resources */,
				0C709E2D15C03FE7008F6208 /* c3.png in Resources */,
				0C709E2F15C03FE7008F6208 /* c2.png in Resources */,
				0C709E3115C03FE7008F6208 /* c1.png in Resources */,
				0C709E3315C03FE7008F6208 /* back.png in Resources */,
			);
			runOnlyForDeploymentPostprocessing = 0;
		};
/* End PBXResourcesBuildPhase section */

/* Begin PBXShellScriptBuildPhase section */
		0C709D6115C0230A008F6208 /* ShellScript */ = {
			isa = PBXShellScriptBuildPhase;
			buildActionMask = 2147483647;
			files = (
			);
			inputPaths = (
			);
			outputPaths = (
			);
			runOnlyForDeploymentPostprocessing = 0;
			shellPath = /bin/sh;
			shellScript = "# Run the unit tests in this test bundle.\n\"${SYSTEM_DEVELOPER_DIR}/Tools/RunUnitTests\"\n";
		};
/* End PBXShellScriptBuildPhase section */

/* Begin PBXSourcesBuildPhase section */
		0C709D3B15C0230A008F6208 /* Sources */ = {
			isa = PBXSourcesBuildPhase;
			buildActionMask = 2147483647;
			files = (
				0C709D5015C0230A008F6208 /* main.m in Sources */,
				0C709D5415C0230A008F6208 /* RMSAppDelegate.m in Sources */,
				0C709D5D15C0230A008F6208 /* RMSViewController.m in Sources */,
			);
			runOnlyForDeploymentPostprocessing = 0;
		};
		0C709D5E15C0230A008F6208 /* Sources */ = {
			isa = PBXSourcesBuildPhase;
			buildActionMask = 2147483647;
			files = (
				0C709D7D15C027FB008F6208 /* RMSViewControllerTests.m in Sources */,
				0C709D7E15C02875008F6208 /* RMSViewController.m in Sources */,
			);
			runOnlyForDeploymentPostprocessing = 0;
		};
/* End PBXSourcesBuildPhase section */

/* Begin PBXTargetDependency section */
		0C709D6915C0230A008F6208 /* PBXTargetDependency */ = {
			isa = PBXTargetDependency;
			target = 0C709D3E15C0230A008F6208 /* GUIExplore */;
			targetProxy = 0C709D6815C0230A008F6208 /* PBXContainerItemProxy */;
		};
/* End PBXTargetDependency section */

/* Begin PBXVariantGroup section */
		0C709D4C15C0230A008F6208 /* InfoPlist.strings */ = {
			isa = PBXVariantGroup;
			children = (
				0C709D4D15C0230A008F6208 /* en */,
			);
			name = InfoPlist.strings;
			sourceTree = "<group>";
		};
		0C709D5515C0230A008F6208 /* MainStoryboard_iPhone.storyboard */ = {
			isa = PBXVariantGroup;
			children = (
				0C709D5615C0230A008F6208 /* en */,
			);
			name = MainStoryboard_iPhone.storyboard;
			sourceTree = "<group>";
		};
		0C709D5815C0230A008F6208 /* MainStoryboard_iPad.storyboard */ = {
			isa = PBXVariantGroup;
			children = (
				0C709D5915C0230A008F6208 /* en */,
			);
			name = MainStoryboard_iPad.storyboard;
			sourceTree = "<group>";
		};
		0C709D6D15C0230A008F6208 /* InfoPlist.strings */ = {
			isa = PBXVariantGroup;
			children = (
				0C709D6E15C0230A008F6208 /* en */,
			);
			name = InfoPlist.strings;
			sourceTree = "<group>";
		};
/* End PBXVariantGroup section */

/* Begin XCBuildConfiguration section */
		0C709D7315C0230A008F6208 /* Debug */ = {
			isa = XCBuildConfiguration;
			buildSettings = {
				ALWAYS_SEARCH_USER_PATHS = NO;
				ARCHS = "$(ARCHS_STANDARD_32_BIT)";
				CLANG_ENABLE_OBJC_ARC = YES;
				"CODE_SIGN_IDENTITY[sdk=iphoneos*]" = "iPhone Developer";
				COPY_PHASE_STRIP = NO;
				GCC_C_LANGUAGE_STANDARD = gnu99;
				GCC_DYNAMIC_NO_PIC = NO;
				GCC_OPTIMIZATION_LEVEL = 0;
				GCC_PREPROCESSOR_DEFINITIONS = (
					"DEBUG=1",
					"$(inherited)",
				);
				GCC_SYMBOLS_PRIVATE_EXTERN = NO;
				GCC_VERSION = com.apple.compilers.llvm.clang.1_0;
				GCC_WARN_ABOUT_MISSING_PROTOTYPES = YES;
				GCC_WARN_ABOUT_RETURN_TYPE = YES;
				GCC_WARN_UNUSED_VARIABLE = YES;
				IPHONEOS_DEPLOYMENT_TARGET = 5.0;
				SDKROOT = iphoneos;
				TARGETED_DEVICE_FAMILY = "1,2";
			};
			name = Debug;
		};
		0C709D7415C0230A008F6208 /* Release */ = {
			isa = XCBuildConfiguration;
			buildSettings = {
				ALWAYS_SEARCH_USER_PATHS = NO;
				ARCHS = "$(ARCHS_STANDARD_32_BIT)";
				CLANG_ENABLE_OBJC_ARC = YES;
				"CODE_SIGN_IDENTITY[sdk=iphoneos*]" = "iPhone Developer";
				COPY_PHASE_STRIP = YES;
				GCC_C_LANGUAGE_STANDARD = gnu99;
				GCC_VERSION = com.apple.compilers.llvm.clang.1_0;
				GCC_WARN_ABOUT_MISSING_PROTOTYPES = YES;
				GCC_WARN_ABOUT_RETURN_TYPE = YES;
				GCC_WARN_UNUSED_VARIABLE = YES;
				IPHONEOS_DEPLOYMENT_TARGET = 5.0;
				OTHER_CFLAGS = "-DNS_BLOCK_ASSERTIONS=1";
				SDKROOT = iphoneos;
				TARGETED_DEVICE_FAMILY = "1,2";
				VALIDATE_PRODUCT = YES;
			};
			name = Release;
		};
		0C709D7615C0230A008F6208 /* Debug */ = {
			isa = XCBuildConfiguration;
			buildSettings = {
				GCC_PRECOMPILE_PREFIX_HEADER = YES;
				GCC_PREFIX_HEADER = "GUIExplore/GUIExplore-Prefix.pch";
				INFOPLIST_FILE = "GUIExplore/GUIExplore-Info.plist";
				PRODUCT_NAME = "$(TARGET_NAME)";
				TARGETED_DEVICE_FAMILY = "1,2";
				WRAPPER_EXTENSION = app;
			};
			name = Debug;
		};
		0C709D7715C0230A008F6208 /* Release */ = {
			isa = XCBuildConfiguration;
			buildSettings = {
				GCC_PRECOMPILE_PREFIX_HEADER = YES;
				GCC_PREFIX_HEADER = "GUIExplore/GUIExplore-Prefix.pch";
				INFOPLIST_FILE = "GUIExplore/GUIExplore-Info.plist";
				PRODUCT_NAME = "$(TARGET_NAME)";
				TARGETED_DEVICE_FAMILY = "1,2";
				WRAPPER_EXTENSION = app;
			};
			name = Release;
		};
		0C709D7915C0230A008F6208 /* Debug */ = {
			isa = XCBuildConfiguration;
			buildSettings = {
				BUNDLE_LOADER = "$(BUILT_PRODUCTS_DIR)/GUIExplore.app/GUIExplore";
				FRAMEWORK_SEARCH_PATHS = (
					"$(SDKROOT)/Developer/Library/Frameworks",
					"$(DEVELOPER_LIBRARY_DIR)/Frameworks",
				);
				GCC_PRECOMPILE_PREFIX_HEADER = YES;
				GCC_PREFIX_HEADER = "GUIExplore/GUIExplore-Prefix.pch";
				INFOPLIST_FILE = "GUIExploreTests/GUIExploreTests-Info.plist";
				PRODUCT_NAME = "$(TARGET_NAME)";
				TEST_HOST = "$(BUNDLE_LOADER)";
				WRAPPER_EXTENSION = octest;
			};
			name = Debug;
		};
		0C709D7A15C0230A008F6208 /* Release */ = {
			isa = XCBuildConfiguration;
			buildSettings = {
				BUNDLE_LOADER = "$(BUILT_PRODUCTS_DIR)/GUIExplore.app/GUIExplore";
				FRAMEWORK_SEARCH_PATHS = (
					"$(SDKROOT)/Developer/Library/Frameworks",
					"$(DEVELOPER_LIBRARY_DIR)/Frameworks",
				);
				GCC_PRECOMPILE_PREFIX_HEADER = YES;
				GCC_PREFIX_HEADER = "GUIExplore/GUIExplore-Prefix.pch";
				INFOPLIST_FILE = "GUIExploreTests/GUIExploreTests-Info.plist";
				PRODUCT_NAME = "$(TARGET_NAME)";
				TEST_HOST = "$(BUNDLE_LOADER)";
				WRAPPER_EXTENSION = octest;
			};
			name = Release;
		};
/* End XCBuildConfiguration section */

/* Begin XCConfigurationList section */
		0C709D3915C02309008F6208 /* Build configuration list for PBXProject "GUIExplore" */ = {
			isa = XCConfigurationList;
			buildConfigurations = (
				0C709D7315C0230A008F6208 /* Debug */,
				0C709D7415C0230A008F6208 /* Release */,
			);
			defaultConfigurationIsVisible = 0;
			defaultConfigurationName = Release;
		};
		0C709D7515C0230A008F6208 /* Build configuration list for PBXNativeTarget "GUIExplore" */ = {
			isa = XCConfigurationList;
			buildConfigurations = (
				0C709D7615C0230A008F6208 /* Debug */,
				0C709D7715C0230A008F6208 /* Release */,
			);
			defaultConfigurationIsVisible = 0;
		};
		0C709D7815C0230A008F6208 /* Build configuration list for PBXNativeTarget "GUIExploreTests" */ = {
			isa = XCConfigurationList;
			buildConfigurations = (
				0C709D7915C0230A008F6208 /* Debug */,
				0C709D7A15C0230A008F6208 /* Release */,
			);
			defaultConfigurationIsVisible = 0;
		};
/* End XCConfigurationList section */
	};
	rootObject = 0C709D3615C02309008F6208 /* Project object */;
}
