// !$*UTF8*$!
{
	archiveVersion = 1;
	classes = {
	};
	objectVersion = 46;
	objects = {

/* Begin PBXBuildFile section */
		0C1B306715BF302800F55A80 /* UIKit.framework in Frameworks */ = {isa = PBXBuildFile; fileRef = 0C1B306615BF302800F55A80 /* UIKit.framework */; };
		0C1B306915BF302800F55A80 /* Foundation.framework in Frameworks */ = {isa = PBXBuildFile; fileRef = 0C1B306815BF302800F55A80 /* Foundation.framework */; };
		0C1B306B15BF302800F55A80 /* CoreGraphics.framework in Frameworks */ = {isa = PBXBuildFile; fileRef = 0C1B306A15BF302800F55A80 /* CoreGraphics.framework */; };
		0C1B307115BF302800F55A80 /* InfoPlist.strings in Resources */ = {isa = PBXBuildFile; fileRef = 0C1B306F15BF302800F55A80 /* InfoPlist.strings */; };
		0C1B307315BF302800F55A80 /* main.m in Sources */ = {isa = PBXBuildFile; fileRef = 0C1B307215BF302800F55A80 /* main.m */; };
		0C1B307715BF302800F55A80 /* RMSAppDelegate.m in Sources */ = {isa = PBXBuildFile; fileRef = 0C1B307615BF302800F55A80 /* RMSAppDelegate.m */; };
		0C1B307A15BF302800F55A80 /* MainStoryboard_iPhone.storyboard in Resources */ = {isa = PBXBuildFile; fileRef = 0C1B307815BF302800F55A80 /* MainStoryboard_iPhone.storyboard */; };
		0C1B307D15BF302800F55A80 /* MainStoryboard_iPad.storyboard in Resources */ = {isa = PBXBuildFile; fileRef = 0C1B307B15BF302800F55A80 /* MainStoryboard_iPad.storyboard */; };
		0C1B308015BF302800F55A80 /* RMSMasterViewController.m in Sources */ = {isa = PBXBuildFile; fileRef = 0C1B307F15BF302800F55A80 /* RMSMasterViewController.m */; };
		0C1B308315BF302800F55A80 /* RMSDetailViewController.m in Sources */ = {isa = PBXBuildFile; fileRef = 0C1B308215BF302800F55A80 /* RMSDetailViewController.m */; };
/* End PBXBuildFile section */

/* Begin PBXFileReference section */
		0C1B306215BF302700F55A80 /* TableDemo.app */ = {isa = PBXFileReference; explicitFileType = wrapper.application; includeInIndex = 0; path = TableDemo.app; sourceTree = BUILT_PRODUCTS_DIR; };
		0C1B306615BF302800F55A80 /* UIKit.framework */ = {isa = PBXFileReference; lastKnownFileType = wrapper.framework; name = UIKit.framework; path = System/Library/Frameworks/UIKit.framework; sourceTree = SDKROOT; };
		0C1B306815BF302800F55A80 /* Foundation.framework */ = {isa = PBXFileReference; lastKnownFileType = wrapper.framework; name = Foundation.framework; path = System/Library/Frameworks/Foundation.framework; sourceTree = SDKROOT; };
		0C1B306A15BF302800F55A80 /* CoreGraphics.framework */ = {isa = PBXFileReference; lastKnownFileType = wrapper.framework; name = CoreGraphics.framework; path = System/Library/Frameworks/CoreGraphics.framework; sourceTree = SDKROOT; };
		0C1B306E15BF302800F55A80 /* TableDemo-Info.plist */ = {isa = PBXFileReference; lastKnownFileType = text.plist.xml; path = "TableDemo-Info.plist"; sourceTree = "<group>"; };
		0C1B307015BF302800F55A80 /* en */ = {isa = PBXFileReference; lastKnownFileType = text.plist.strings; name = en; path = en.lproj/InfoPlist.strings; sourceTree = "<group>"; };
		0C1B307215BF302800F55A80 /* main.m */ = {isa = PBXFileReference; lastKnownFileType = sourcecode.c.objc; path = main.m; sourceTree = "<group>"; };
		0C1B307415BF302800F55A80 /* TableDemo-Prefix.pch */ = {isa = PBXFileReference; lastKnownFileType = sourcecode.c.h; path = "TableDemo-Prefix.pch"; sourceTree = "<group>"; };
		0C1B307515BF302800F55A80 /* RMSAppDelegate.h */ = {isa = PBXFileReference; lastKnownFileType = sourcecode.c.h; path = RMSAppDelegate.h; sourceTree = "<group>"; };
		0C1B307615BF302800F55A80 /* RMSAppDelegate.m */ = {isa = PBXFileReference; lastKnownFileType = sourcecode.c.objc; path = RMSAppDelegate.m; sourceTree = "<group>"; };
		0C1B307915BF302800F55A80 /* en */ = {isa = PBXFileReference; lastKnownFileType = file.storyboard; name = en; path = en.lproj/MainStoryboard_iPhone.storyboard; sourceTree = "<group>"; };
		0C1B307C15BF302800F55A80 /* en */ = {isa = PBXFileReference; lastKnownFileType = file.storyboard; name = en; path = en.lproj/MainStoryboard_iPad.storyboard; sourceTree = "<group>"; };
		0C1B307E15BF302800F55A80 /* RMSMasterViewController.h */ = {isa = PBXFileReference; lastKnownFileType = sourcecode.c.h; path = RMSMasterViewController.h; sourceTree = "<group>"; };
		0C1B307F15BF302800F55A80 /* RMSMasterViewController.m */ = {isa = PBXFileReference; lastKnownFileType = sourcecode.c.objc; path = RMSMasterViewController.m; sourceTree = "<group>"; };
		0C1B308115BF302800F55A80 /* RMSDetailViewController.h */ = {isa = PBXFileReference; lastKnownFileType = sourcecode.c.h; path = RMSDetailViewController.h; sourceTree = "<group>"; };
		0C1B308215BF302800F55A80 /* RMSDetailViewController.m */ = {isa = PBXFileReference; lastKnownFileType = sourcecode.c.objc; path = RMSDetailViewController.m; sourceTree = "<group>"; };
/* End PBXFileReference section */

/* Begin PBXFrameworksBuildPhase section */
		0C1B305F15BF302700F55A80 /* Frameworks */ = {
			isa = PBXFrameworksBuildPhase;
			buildActionMask = 2147483647;
			files = (
				0C1B306715BF302800F55A80 /* UIKit.framework in Frameworks */,
				0C1B306915BF302800F55A80 /* Foundation.framework in Frameworks */,
				0C1B306B15BF302800F55A80 /* CoreGraphics.framework in Frameworks */,
			);
			runOnlyForDeploymentPostprocessing = 0;
		};
/* End PBXFrameworksBuildPhase section */

/* Begin PBXGroup section */
		0C1B305715BF302700F55A80 = {
			isa = PBXGroup;
			children = (
				0C1B306C15BF302800F55A80 /* TableDemo */,
				0C1B306515BF302800F55A80 /* Frameworks */,
				0C1B306315BF302700F55A80 /* Products */,
			);
			sourceTree = "<group>";
		};
		0C1B306315BF302700F55A80 /* Products */ = {
			isa = PBXGroup;
			children = (
				0C1B306215BF302700F55A80 /* TableDemo.app */,
			);
			name = Products;
			sourceTree = "<group>";
		};
		0C1B306515BF302800F55A80 /* Frameworks */ = {
			isa = PBXGroup;
			children = (
				0C1B306615BF302800F55A80 /* UIKit.framework */,
				0C1B306815BF302800F55A80 /* Foundation.framework */,
				0C1B306A15BF302800F55A80 /* CoreGraphics.framework */,
			);
			name = Frameworks;
			sourceTree = "<group>";
		};
		0C1B306C15BF302800F55A80 /* TableDemo */ = {
			isa = PBXGroup;
			children = (
				0C1B307515BF302800F55A80 /* RMSAppDelegate.h */,
				0C1B307615BF302800F55A80 /* RMSAppDelegate.m */,
				0C1B307815BF302800F55A80 /* MainStoryboard_iPhone.storyboard */,
				0C1B307B15BF302800F55A80 /* MainStoryboard_iPad.storyboard */,
				0C1B307E15BF302800F55A80 /* RMSMasterViewController.h */,
				0C1B307F15BF302800F55A80 /* RMSMasterViewController.m */,
				0C1B308115BF302800F55A80 /* RMSDetailViewController.h */,
				0C1B308215BF302800F55A80 /* RMSDetailViewController.m */,
				0C1B306D15BF302800F55A80 /* Supporting Files */,
			);
			path = TableDemo;
			sourceTree = "<group>";
		};
		0C1B306D15BF302800F55A80 /* Supporting Files */ = {
			isa = PBXGroup;
			children = (
				0C1B306E15BF302800F55A80 /* TableDemo-Info.plist */,
				0C1B306F15BF302800F55A80 /* InfoPlist.strings */,
				0C1B307215BF302800F55A80 /* main.m */,
				0C1B307415BF302800F55A80 /* TableDemo-Prefix.pch */,
			);
			name = "Supporting Files";
			sourceTree = "<group>";
		};
/* End PBXGroup section */

/* Begin PBXNativeTarget section */
		0C1B306115BF302700F55A80 /* TableDemo */ = {
			isa = PBXNativeTarget;
			buildConfigurationList = 0C1B308615BF302800F55A80 /* Build configuration list for PBXNativeTarget "TableDemo" */;
			buildPhases = (
				0C1B305E15BF302700F55A80 /* Sources */,
				0C1B305F15BF302700F55A80 /* Frameworks */,
				0C1B306015BF302700F55A80 /* Resources */,
			);
			buildRules = (
			);
			dependencies = (
			);
			name = TableDemo;
			productName = TableDemo;
			productReference = 0C1B306215BF302700F55A80 /* TableDemo.app */;
			productType = "com.apple.product-type.application";
		};
/* End PBXNativeTarget section */

/* Begin PBXProject section */
		0C1B305915BF302700F55A80 /* Project object */ = {
			isa = PBXProject;
			attributes = {
				LastUpgradeCheck = 0420;
			};
			buildConfigurationList = 0C1B305C15BF302700F55A80 /* Build configuration list for PBXProject "TableDemo" */;
			compatibilityVersion = "Xcode 3.2";
			developmentRegion = English;
			hasScannedForEncodings = 0;
			knownRegions = (
				en,
			);
			mainGroup = 0C1B305715BF302700F55A80;
			productRefGroup = 0C1B306315BF302700F55A80 /* Products */;
			projectDirPath = "";
			projectRoot = "";
			targets = (
				0C1B306115BF302700F55A80 /* TableDemo */,
			);
		};
/* End PBXProject section */

/* Begin PBXResourcesBuildPhase section */
		0C1B306015BF302700F55A80 /* Resources */ = {
			isa = PBXResourcesBuildPhase;
			buildActionMask = 2147483647;
			files = (
				0C1B307115BF302800F55A80 /* InfoPlist.strings in Resources */,
				0C1B307A15BF302800F55A80 /* MainStoryboard_iPhone.storyboard in Resources */,
				0C1B307D15BF302800F55A80 /* MainStoryboard_iPad.storyboard in Resources */,
			);
			runOnlyForDeploymentPostprocessing = 0;
		};
/* End PBXResourcesBuildPhase section */

/* Begin PBXSourcesBuildPhase section */
		0C1B305E15BF302700F55A80 /* Sources */ = {
			isa = PBXSourcesBuildPhase;
			buildActionMask = 2147483647;
			files = (
				0C1B307315BF302800F55A80 /* main.m in Sources */,
				0C1B307715BF302800F55A80 /* RMSAppDelegate.m in Sources */,
				0C1B308015BF302800F55A80 /* RMSMasterViewController.m in Sources */,
				0C1B308315BF302800F55A80 /* RMSDetailViewController.m in Sources */,
			);
			runOnlyForDeploymentPostprocessing = 0;
		};
/* End PBXSourcesBuildPhase section */

/* Begin PBXVariantGroup section */
		0C1B306F15BF302800F55A80 /* InfoPlist.strings */ = {
			isa = PBXVariantGroup;
			children = (
				0C1B307015BF302800F55A80 /* en */,
			);
			name = InfoPlist.strings;
			sourceTree = "<group>";
		};
		0C1B307815BF302800F55A80 /* MainStoryboard_iPhone.storyboard */ = {
			isa = PBXVariantGroup;
			children = (
				0C1B307915BF302800F55A80 /* en */,
			);
			name = MainStoryboard_iPhone.storyboard;
			sourceTree = "<group>";
		};
		0C1B307B15BF302800F55A80 /* MainStoryboard_iPad.storyboard */ = {
			isa = PBXVariantGroup;
			children = (
				0C1B307C15BF302800F55A80 /* en */,
			);
			name = MainStoryboard_iPad.storyboard;
			sourceTree = "<group>";
		};
/* End PBXVariantGroup section */

/* Begin XCBuildConfiguration section */
		0C1B308415BF302800F55A80 /* Debug */ = {
			isa = XCBuildConfiguration;
			buildSettings = {
				ALWAYS_SEARCH_USER_PATHS = NO;
				ARCHS = "$(ARCHS_STANDARD_32_BIT)";
				CLANG_ENABLE_OBJC_ARC = YES;
				"CODE_SIGN_IDENTITY[sdk=iphoneos*]" = "iPhone Developer";
				COPY_PHASE_STRIP = NO;
				GCC_C_LANGUAGE_STANDARD = gnu99;
				GCC_DYNAMIC_NO_PIC = NO;
				GCC_OPTIMIZATION_LEVEL = 0;
				GCC_PREPROCESSOR_DEFINITIONS = (
					"DEBUG=1",
					"$(inherited)",
				);
				GCC_SYMBOLS_PRIVATE_EXTERN = NO;
				GCC_VERSION = com.apple.compilers.llvm.clang.1_0;
				GCC_WARN_ABOUT_MISSING_PROTOTYPES = YES;
				GCC_WARN_ABOUT_RETURN_TYPE = YES;
				GCC_WARN_UNUSED_VARIABLE = YES;
				IPHONEOS_DEPLOYMENT_TARGET = 5.0;
				SDKROOT = iphoneos;
				TARGETED_DEVICE_FAMILY = "1,2";
			};
			name = Debug;
		};
		0C1B308515BF302800F55A80 /* Release */ = {
			isa = XCBuildConfiguration;
			buildSettings = {
				ALWAYS_SEARCH_USER_PATHS = NO;
				ARCHS = "$(ARCHS_STANDARD_32_BIT)";
				CLANG_ENABLE_OBJC_ARC = YES;
				"CODE_SIGN_IDENTITY[sdk=iphoneos*]" = "iPhone Developer";
				COPY_PHASE_STRIP = YES;
				GCC_C_LANGUAGE_STANDARD = gnu99;
				GCC_VERSION = com.apple.compilers.llvm.clang.1_0;
				GCC_WARN_ABOUT_MISSING_PROTOTYPES = YES;
				GCC_WARN_ABOUT_RETURN_TYPE = YES;
				GCC_WARN_UNUSED_VARIABLE = YES;
				IPHONEOS_DEPLOYMENT_TARGET = 5.0;
				OTHER_CFLAGS = "-DNS_BLOCK_ASSERTIONS=1";
				SDKROOT = iphoneos;
				TARGETED_DEVICE_FAMILY = "1,2";
				VALIDATE_PRODUCT = YES;
			};
			name = Release;
		};
		0C1B308715BF302800F55A80 /* Debug */ = {
			isa = XCBuildConfiguration;
			buildSettings = {
				GCC_PRECOMPILE_PREFIX_HEADER = YES;
				GCC_PREFIX_HEADER = "TableDemo/TableDemo-Prefix.pch";
				INFOPLIST_FILE = "TableDemo/TableDemo-Info.plist";
				PRODUCT_NAME = "$(TARGET_NAME)";
				WRAPPER_EXTENSION = app;
			};
			name = Debug;
		};
		0C1B308815BF302800F55A80 /* Release */ = {
			isa = XCBuildConfiguration;
			buildSettings = {
				GCC_PRECOMPILE_PREFIX_HEADER = YES;
				GCC_PREFIX_HEADER = "TableDemo/TableDemo-Prefix.pch";
				INFOPLIST_FILE = "TableDemo/TableDemo-Info.plist";
				PRODUCT_NAME = "$(TARGET_NAME)";
				WRAPPER_EXTENSION = app;
			};
			name = Release;
		};
/* End XCBuildConfiguration section */

/* Begin XCConfigurationList section */
		0C1B305C15BF302700F55A80 /* Build configuration list for PBXProject "TableDemo" */ = {
			isa = XCConfigurationList;
			buildConfigurations = (
				0C1B308415BF302800F55A80 /* Debug */,
				0C1B308515BF302800F55A80 /* Release */,
			);
			defaultConfigurationIsVisible = 0;
			defaultConfigurationName = Release;
		};
		0C1B308615BF302800F55A80 /* Build configuration list for PBXNativeTarget "TableDemo" */ = {
			isa = XCConfigurationList;
			buildConfigurations = (
				0C1B308715BF302800F55A80 /* Debug */,
				0C1B308815BF302800F55A80 /* Release */,
			);
			defaultConfigurationIsVisible = 0;
		};
/* End XCConfigurationList section */
	};
	rootObject = 0C1B305915BF302700F55A80 /* Project object */;
}
